
Microsoft Visual Studio Solution File, Format Version 12.00
# Visual Studio Version 17
VisualStudioVersion = 17.5.002.0
MinimumVisualStudioVersion = 10.0.40219.1
Project("{9A19103F-16F7-4668-BE54-9A1E7A4F7556}") = "Task4", "Task4.csproj", "{CED80D77-B7C9-4992-AACD-C3FA5BD1BFC3}"
EndProject
Global
	GlobalSection(SolutionConfigurationPlatforms) = preSolution
		Debug|Any CPU = Debug|Any CPU
		Release|Any CPU = Release|Any CPU
	EndGlobalSection
	GlobalSection(ProjectConfigurationPlatforms) = postSolution
		{CED80D77-B7C9-4992-AACD-C3FA5BD1BFC3}.Debug|Any CPU.ActiveCfg = Debug|Any CPU
		{CED80D77-B7C9-4992-AACD-C3FA5BD1BFC3}.Debug|Any CPU.Build.0 = Debug|Any CPU
		{CED80D77-B7C9-4992-AACD-C3FA5BD1BFC3}.Release|Any CPU.ActiveCfg = Release|Any CPU
		{CED80D77-B7C9-4992-AACD-C3FA5BD1BFC3}.Release|Any CPU.Build.0 = Release|Any CPU
	EndGlobalSection
	GlobalSection(SolutionProperties) = preSolution
		HideSolutionNode = FALSE
	EndGlobalSection
	GlobalSection(ExtensibilityGlobals) = postSolution
		SolutionGuid = {6131B9D6-14C5-493D-AAE0-8BEBF8E699F4}
	EndGlobalSection
EndGlobal
